Microsoft Visual Studio Solution File, Format Version 12.00
# Visual Studio 15
VisualStudioVersion = 15.0.27130.2010
MinimumVisualStudioVersion = 10.0.40219.1
Project("{FAE04EC0-301F-11D3-BF4B-00C04F79EFBC}") = "HaRepackerLib", "HaRepackerLib\HaRepackerLib.csproj", "{B68C971F-4B8A-44A3-88D0-6213D1A512E7}"
EndProject
Project("{FAE04EC0-301F-11D3-BF4B-00C04F79EFBC}") = "MapleLib", "MapleLib\MapleLib.csproj", "{28AAB36D-942E-4476-A000-0E9DE380F390}"
EndProject
Project("{FAE04EC0-301F-11D3-BF4B-00C04F79EFBC}") = "HaCreator", "HaCreator\HaCreator.csproj", "{679DD557-5E1E-447E-B48C-0F082E5FB1F4}"
EndProject
Project("{FAE04EC0-301F-11D3-BF4B-00C04F79EFBC}") = "Harepacker-resurrected", "HaRepacker\Harepacker-resurrected.csproj", "{0B7155EF-1EB0-4FAE-BA56-8064CBAF2BEA}"
EndProject
Global
	GlobalSection(SolutionConfigurationPlatforms) = preSolution
		Debug|Any CPU = Debug|Any CPU
		Debug|x64 = Debug|x64
		Debug|x86 = Debug|x86
		Release|Any CPU = Release|Any CPU
		Release|x64 = Release|x64
		Release|x86 = Release|x86
	EndGlobalSection
	GlobalSection(ProjectConfigurationPlatforms) = postSolution
		{B68C971F-4B8A-44A3-88D0-6213D1A512E7}.Debug|Any CPU.ActiveCfg = Debug|Any CPU
		{B68C971F-4B8A-44A3-88D0-6213D1A512E7}.Debug|Any CPU.Build.0 = Debug|Any CPU
		{B68C971F-4B8A-44A3-88D0-6213D1A512E7}.Debug|x64.ActiveCfg = Debug|x64
		{B68C971F-4B8A-44A3-88D0-6213D1A512E7}.Debug|x64.Build.0 = Debug|x64
		{B68C971F-4B8A-44A3-88D0-6213D1A512E7}.Debug|x86.ActiveCfg = Debug|x86
		{B68C971F-4B8A-44A3-88D0-6213D1A512E7}.Debug|x86.Build.0 = Debug|x86
		{B68C971F-4B8A-44A3-88D0-6213D1A512E7}.Release|Any CPU.ActiveCfg = Release|Any CPU
		{B68C971F-4B8A-44A3-88D0-6213D1A512E7}.Release|Any CPU.Build.0 = Release|Any CPU
		{B68C971F-4B8A-44A3-88D0-6213D1A512E7}.Release|x64.ActiveCfg = Release|x64
		{B68C971F-4B8A-44A3-88D0-6213D1A512E7}.Release|x64.Build.0 = Release|x64
		{B68C971F-4B8A-44A3-88D0-6213D1A512E7}.Release|x86.ActiveCfg = Release|x86
		{B68C971F-4B8A-44A3-88D0-6213D1A512E7}.Release|x86.Build.0 = Release|x86
		{28AAB36D-942E-4476-A000-0E9DE380F390}.Debug|Any CPU.ActiveCfg = Debug|Any CPU
		{28AAB36D-942E-4476-A000-0E9DE380F390}.Debug|Any CPU.Build.0 = Debug|Any CPU
		{28AAB36D-942E-4476-A000-0E9DE380F390}.Debug|x64.ActiveCfg = Debug|x64
		{28AAB36D-942E-4476-A000-0E9DE380F390}.Debug|x64.Build.0 = Debug|x64
		{28AAB36D-942E-4476-A000-0E9DE380F390}.Debug|x86.ActiveCfg = Debug|x86
		{28AAB36D-942E-4476-A000-0E9DE380F390}.Debug|x86.Build.0 = Debug|x86
		{28AAB36D-942E-4476-A000-0E9DE380F390}.Release|Any CPU.ActiveCfg = Release|Any CPU
		{28AAB36D-942E-4476-A000-0E9DE380F390}.Release|Any CPU.Build.0 = Release|Any CPU
		{28AAB36D-942E-4476-A000-0E9DE380F390}.Release|x64.ActiveCfg = Release|x64
		{28AAB36D-942E-4476-A000-0E9DE380F390}.Release|x64.Build.0 = Release|x64
		{28AAB36D-942E-4476-A000-0E9DE380F390}.Release|x86.ActiveCfg = Release|x86
		{28AAB36D-942E-4476-A000-0E9DE380F390}.Release|x86.Build.0 = Release|x86
		{679DD557-5E1E-447E-B48C-0F082E5FB1F4}.Debug|Any CPU.ActiveCfg = Debug|Any CPU
		{679DD557-5E1E-447E-B48C-0F082E5FB1F4}.Debug|Any CPU.Build.0 = Debug|Any CPU
		{679DD557-5E1E-447E-B48C-0F082E5FB1F4}.Debug|x64.ActiveCfg = Debug|x64
		{679DD557-5E1E-447E-B48C-0F082E5FB1F4}.Debug|x64.Build.0 = Debug|x64
		{679DD557-5E1E-447E-B48C-0F082E5FB1F4}.Debug|x86.ActiveCfg = Debug|x86
		{679DD557-5E1E-447E-B48C-0F082E5FB1F4}.Debug|x86.Build.0 = Debug|x86
		{679DD557-5E1E-447E-B48C-0F082E5FB1F4}.Release|Any CPU.ActiveCfg = Release|Any CPU
		{679DD557-5E1E-447E-B48C-0F082E5FB1F4}.Release|Any CPU.Build.0 = Release|Any CPU
		{679DD557-5E1E-447E-B48C-0F082E5FB1F4}.Release|x64.ActiveCfg = Release|x64
		{679DD557-5E1E-447E-B48C-0F082E5FB1F4}.Release|x64.Build.0 = Release|x64
		{679DD557-5E1E-447E-B48C-0F082E5FB1F4}.Release|x86.ActiveCfg = Release|x86
		{679DD557-5E1E-447E-B48C-0F082E5FB1F4}.Release|x86.Build.0 = Release|x86
		{0B7155EF-1EB0-4FAE-BA56-8064CBAF2BEA}.Debug|Any CPU.ActiveCfg = Debug|Any CPU
		{0B7155EF-1EB0-4FAE-BA56-8064CBAF2BEA}.Debug|Any CPU.Build.0 = Debug|Any CPU
		{0B7155EF-1EB0-4FAE-BA56-8064CBAF2BEA}.Debug|x64.ActiveCfg = Debug|x64
		{0B7155EF-1EB0-4FAE-BA56-8064CBAF2BEA}.Debug|x64.Build.0 = Debug|x64
		{0B7155EF-1EB0-4FAE-BA56-8064CBAF2BEA}.Debug|x86.ActiveCfg = Debug|x86
		{0B7155EF-1EB0-4FAE-BA56-8064CBAF2BEA}.Debug|x86.Build.0 = Debug|x86
		{0B7155EF-1EB0-4FAE-BA56-8064CBAF2BEA}.Release|Any CPU.ActiveCfg = Release|Any CPU
		{0B7155EF-1EB0-4FAE-BA56-8064CBAF2BEA}.Release|Any CPU.Build.0 = Release|Any CPU
		{0B7155EF-1EB0-4FAE-BA56-8064CBAF2BEA}.Release|x64.ActiveCfg = Release|x64
		{0B7155EF-1EB0-4FAE-BA56-8064CBAF2BEA}.Release|x64.Build.0 = Release|x64
		{0B7155EF-1EB0-4FAE-BA56-8064CBAF2BEA}.Release|x86.ActiveCfg = Release|x86
		{0B7155EF-1EB0-4FAE-BA56-8064CBAF2BEA}.Release|x86.Build.0 = Release|x86
	EndGlobalSection
	GlobalSection(SolutionProperties) = preSolution
		HideSolutionNode = FALSE
	EndGlobalSection
	GlobalSection(ExtensibilityGlobals) = postSolution
		SolutionGuid = {99E8C0B0-C5DA-4990-8805-EA45A1BCF299}
	EndGlobalSection
EndGlobal
