Microsoft Visual Studio Solution File, Format Version 12.00
# Visual Studio Version 17
VisualStudioVersion = 17.1.32203.90
MinimumVisualStudioVersion = 10.0.40219.1
Project("{9A19103F-16F7-4668-BE54-9A1E7A4F7556}") = "HaCreator", "HaCreator\HaCreator.csproj", "{679DD557-5E1E-447E-B48C-0F082E5FB1F4}"
EndProject
Project("{9A19103F-16F7-4668-BE54-9A1E7A4F7556}") = "Harepacker-resurrected", "HaRepacker\Harepacker-resurrected.csproj", "{0B7155EF-1EB0-4FAE-BA56-8064CBAF2BEA}"
EndProject
Project("{2150E333-8FDC-42A3-9474-1A3956D46DE8}") = "HaCreator", "HaCreator", "{2126D6E5-1D6F-4B5C-AE38-83CD794F6AE7}"
EndProject
Project("{2150E333-8FDC-42A3-9474-1A3956D46DE8}") = "HaRepacker", "HaRepacker", "{A3BD399C-483C-4961-B338-1275B9603F4C}"
EndProject
Project("{2150E333-8FDC-42A3-9474-1A3956D46DE8}") = "Libraries", "Libraries", "{BF308906-0C4D-496F-A030-FA6D3CF89563}"
EndProject
Project("{8BC9CEB8-8B4A-11D0-8D11-00A0C91BC942}") = "apng", "libapng\apng.vcxproj", "{470A9164-29CA-4C02-8DA5-13C9A766A4FE}"
EndProject
Project("{8BC9CEB8-8B4A-11D0-8D11-00A0C91BC942}") = "squish", "squish-1.11\vs9\squish\squish.vcxproj", "{6A8518C3-D81A-4428-BD7F-C37933088AC1}"
EndProject
Project("{8BC9CEB8-8B4A-11D0-8D11-00A0C91BC942}") = "squishpng", "squish-1.11\vs9\squishpng\squishpng.vcxproj", "{3BC7CF47-F1C8-4BDA-BE30-92F17B21D2C7}"
EndProject
Project("{8BC9CEB8-8B4A-11D0-8D11-00A0C91BC942}") = "squishtest", "squish-1.11\vs9\squishtest\squishtest.vcxproj", "{77A3F26C-A1D6-4535-9E37-7D3DF34E4B4B}"
EndProject
Project("{2150E333-8FDC-42A3-9474-1A3956D46DE8}") = "Test", "Test", "{55DA028C-3222-448E-A01C-BBB5A42F586D}"
EndProject
Project("{9A19103F-16F7-4668-BE54-9A1E7A4F7556}") = "UnitTest_WzFile", "UnitTest_WzFile\UnitTest_WzFile.csproj", "{82A30B11-2700-4F40-B05B-9BE5DEAD522B}"
EndProject
Project("{9A19103F-16F7-4668-BE54-9A1E7A4F7556}") = "MapleLib", "MapleLib\MapleLib\MapleLib.csproj", "{28AAB36D-942E-4476-A000-0E9DE380F390}"
EndProject
Project("{9A19103F-16F7-4668-BE54-9A1E7A4F7556}") = "spine-csharp 2.1.25", "MapleLib\spine-runtimes-2.1.25\spine-csharp\spine-csharp 2.1.25.csproj", "{94144E22-2431-4A8F-AC04-DEC22F7EDD8F}"
EndProject
Project("{9A19103F-16F7-4668-BE54-9A1E7A4F7556}") = "RealESRGAN_AI_Upscale", "RealESRGAN_AI_Upscale\RealESRGAN_AI_Upscale.csproj", "{2ABC5D88-2F6C-4721-A0A7-CA15970AC999}"
EndProject
Project("{9A19103F-16F7-4668-BE54-9A1E7A4F7556}") = "WinFormsUI-Core", "dockpanelsuite\WinFormsUI\WinFormsUI-Core.csproj", "{475CAD1B-F03C-4385-8079-EBE85696C13A}"
EndProject
Project("{FAE04EC0-301F-11D3-BF4B-00C04F79EFBC}") = "HaSharedLibrary", "HaSharedLibrary\HaSharedLibrary.csproj", "{41AE973E-81EF-43D5-A41D-E3DB871480F2}"
EndProject
Global
	GlobalSection(SolutionConfigurationPlatforms) = preSolution
		Debug|Any CPU = Debug|Any CPU
		Debug|Win32 = Debug|Win32
		Debug|x64 = Debug|x64
		Debug|x86 = Debug|x86
		Release|Any CPU = Release|Any CPU
		Release|Win32 = Release|Win32
		Release|x64 = Release|x64
		Release|x86 = Release|x86
	EndGlobalSection
	GlobalSection(ProjectConfigurationPlatforms) = postSolution
		{679DD557-5E1E-447E-B48C-0F082E5FB1F4}.Debug|Any CPU.ActiveCfg = Debug|Any CPU
		{679DD557-5E1E-447E-B48C-0F082E5FB1F4}.Debug|Any CPU.Build.0 = Debug|Any CPU
		{679DD557-5E1E-447E-B48C-0F082E5FB1F4}.Debug|Win32.ActiveCfg = Debug|x86
		{679DD557-5E1E-447E-B48C-0F082E5FB1F4}.Debug|Win32.Build.0 = Debug|x86
		{679DD557-5E1E-447E-B48C-0F082E5FB1F4}.Debug|x64.ActiveCfg = Debug|x64
		{679DD557-5E1E-447E-B48C-0F082E5FB1F4}.Debug|x64.Build.0 = Debug|x64
		{679DD557-5E1E-447E-B48C-0F082E5FB1F4}.Debug|x86.ActiveCfg = Debug|Any CPU
		{679DD557-5E1E-447E-B48C-0F082E5FB1F4}.Debug|x86.Build.0 = Debug|Any CPU
		{679DD557-5E1E-447E-B48C-0F082E5FB1F4}.Release|Any CPU.ActiveCfg = Release|Any CPU
		{679DD557-5E1E-447E-B48C-0F082E5FB1F4}.Release|Any CPU.Build.0 = Release|Any CPU
		{679DD557-5E1E-447E-B48C-0F082E5FB1F4}.Release|Win32.ActiveCfg = Release|x86
		{679DD557-5E1E-447E-B48C-0F082E5FB1F4}.Release|Win32.Build.0 = Release|x86
		{679DD557-5E1E-447E-B48C-0F082E5FB1F4}.Release|x64.ActiveCfg = Release|x64
		{679DD557-5E1E-447E-B48C-0F082E5FB1F4}.Release|x64.Build.0 = Release|x64
		{679DD557-5E1E-447E-B48C-0F082E5FB1F4}.Release|x86.ActiveCfg = Release|x86
		{679DD557-5E1E-447E-B48C-0F082E5FB1F4}.Release|x86.Build.0 = Release|x86
		{0B7155EF-1EB0-4FAE-BA56-8064CBAF2BEA}.Debug|Any CPU.ActiveCfg = Debug|Any CPU
		{0B7155EF-1EB0-4FAE-BA56-8064CBAF2BEA}.Debug|Any CPU.Build.0 = Debug|Any CPU
		{0B7155EF-1EB0-4FAE-BA56-8064CBAF2BEA}.Debug|Win32.ActiveCfg = Debug|x86
		{0B7155EF-1EB0-4FAE-BA56-8064CBAF2BEA}.Debug|Win32.Build.0 = Debug|x86
		{0B7155EF-1EB0-4FAE-BA56-8064CBAF2BEA}.Debug|x64.ActiveCfg = Debug|x64
		{0B7155EF-1EB0-4FAE-BA56-8064CBAF2BEA}.Debug|x64.Build.0 = Debug|x64
		{0B7155EF-1EB0-4FAE-BA56-8064CBAF2BEA}.Debug|x86.ActiveCfg = Debug|x86
		{0B7155EF-1EB0-4FAE-BA56-8064CBAF2BEA}.Debug|x86.Build.0 = Debug|x86
		{0B7155EF-1EB0-4FAE-BA56-8064CBAF2BEA}.Release|Any CPU.ActiveCfg = Release|Any CPU
		{0B7155EF-1EB0-4FAE-BA56-8064CBAF2BEA}.Release|Any CPU.Build.0 = Release|Any CPU
		{0B7155EF-1EB0-4FAE-BA56-8064CBAF2BEA}.Release|Win32.ActiveCfg = Release|x86
		{0B7155EF-1EB0-4FAE-BA56-8064CBAF2BEA}.Release|Win32.Build.0 = Release|x86
		{0B7155EF-1EB0-4FAE-BA56-8064CBAF2BEA}.Release|x64.ActiveCfg = Release|x64
		{0B7155EF-1EB0-4FAE-BA56-8064CBAF2BEA}.Release|x64.Build.0 = Release|x64
		{0B7155EF-1EB0-4FAE-BA56-8064CBAF2BEA}.Release|x86.ActiveCfg = Release|x86
		{0B7155EF-1EB0-4FAE-BA56-8064CBAF2BEA}.Release|x86.Build.0 = Release|x86
		{470A9164-29CA-4C02-8DA5-13C9A766A4FE}.Debug|Any CPU.ActiveCfg = Debug|Win32
		{470A9164-29CA-4C02-8DA5-13C9A766A4FE}.Debug|Win32.ActiveCfg = Debug|Win32
		{470A9164-29CA-4C02-8DA5-13C9A766A4FE}.Debug|Win32.Build.0 = Debug|Win32
		{470A9164-29CA-4C02-8DA5-13C9A766A4FE}.Debug|x64.ActiveCfg = Debug|x64
		{470A9164-29CA-4C02-8DA5-13C9A766A4FE}.Debug|x64.Build.0 = Debug|x64
		{470A9164-29CA-4C02-8DA5-13C9A766A4FE}.Debug|x86.ActiveCfg = Debug|Win32
		{470A9164-29CA-4C02-8DA5-13C9A766A4FE}.Debug|x86.Build.0 = Debug|Win32
		{470A9164-29CA-4C02-8DA5-13C9A766A4FE}.Release|Any CPU.ActiveCfg = Release|Win32
		{470A9164-29CA-4C02-8DA5-13C9A766A4FE}.Release|Win32.ActiveCfg = Release|Win32
		{470A9164-29CA-4C02-8DA5-13C9A766A4FE}.Release|Win32.Build.0 = Release|Win32
		{470A9164-29CA-4C02-8DA5-13C9A766A4FE}.Release|x64.ActiveCfg = Release|x64
		{470A9164-29CA-4C02-8DA5-13C9A766A4FE}.Release|x64.Build.0 = Release|x64
		{470A9164-29CA-4C02-8DA5-13C9A766A4FE}.Release|x86.ActiveCfg = Release|Win32
		{470A9164-29CA-4C02-8DA5-13C9A766A4FE}.Release|x86.Build.0 = Release|Win32
		{6A8518C3-D81A-4428-BD7F-C37933088AC1}.Debug|Any CPU.ActiveCfg = Debug|Win32
		{6A8518C3-D81A-4428-BD7F-C37933088AC1}.Debug|Win32.ActiveCfg = Debug|Win32
		{6A8518C3-D81A-4428-BD7F-C37933088AC1}.Debug|Win32.Build.0 = Debug|Win32
		{6A8518C3-D81A-4428-BD7F-C37933088AC1}.Debug|x64.ActiveCfg = Debug|x64
		{6A8518C3-D81A-4428-BD7F-C37933088AC1}.Debug|x64.Build.0 = Debug|x64
		{6A8518C3-D81A-4428-BD7F-C37933088AC1}.Debug|x86.ActiveCfg = Debug|Win32
		{6A8518C3-D81A-4428-BD7F-C37933088AC1}.Debug|x86.Build.0 = Debug|Win32
		{6A8518C3-D81A-4428-BD7F-C37933088AC1}.Release|Any CPU.ActiveCfg = Release|Win32
		{6A8518C3-D81A-4428-BD7F-C37933088AC1}.Release|Win32.ActiveCfg = Release|Win32
		{6A8518C3-D81A-4428-BD7F-C37933088AC1}.Release|Win32.Build.0 = Release|Win32
		{6A8518C3-D81A-4428-BD7F-C37933088AC1}.Release|x64.ActiveCfg = Release|x64
		{6A8518C3-D81A-4428-BD7F-C37933088AC1}.Release|x64.Build.0 = Release|x64
		{6A8518C3-D81A-4428-BD7F-C37933088AC1}.Release|x86.ActiveCfg = Release|Win32
		{6A8518C3-D81A-4428-BD7F-C37933088AC1}.Release|x86.Build.0 = Release|Win32
		{3BC7CF47-F1C8-4BDA-BE30-92F17B21D2C7}.Debug|Any CPU.ActiveCfg = Debug|Win32
		{3BC7CF47-F1C8-4BDA-BE30-92F17B21D2C7}.Debug|Win32.ActiveCfg = Debug|Win32
		{3BC7CF47-F1C8-4BDA-BE30-92F17B21D2C7}.Debug|Win32.Build.0 = Debug|Win32
		{3BC7CF47-F1C8-4BDA-BE30-92F17B21D2C7}.Debug|x64.ActiveCfg = Debug|x64
		{3BC7CF47-F1C8-4BDA-BE30-92F17B21D2C7}.Debug|x64.Build.0 = Debug|x64
		{3BC7CF47-F1C8-4BDA-BE30-92F17B21D2C7}.Debug|x86.ActiveCfg = Debug|Win32
		{3BC7CF47-F1C8-4BDA-BE30-92F17B21D2C7}.Debug|x86.Build.0 = Debug|Win32
		{3BC7CF47-F1C8-4BDA-BE30-92F17B21D2C7}.Release|Any CPU.ActiveCfg = Release|Win32
		{3BC7CF47-F1C8-4BDA-BE30-92F17B21D2C7}.Release|Win32.ActiveCfg = Release|Win32
		{3BC7CF47-F1C8-4BDA-BE30-92F17B21D2C7}.Release|Win32.Build.0 = Release|Win32
		{3BC7CF47-F1C8-4BDA-BE30-92F17B21D2C7}.Release|x64.ActiveCfg = Release|x64
		{3BC7CF47-F1C8-4BDA-BE30-92F17B21D2C7}.Release|x64.Build.0 = Release|x64
		{3BC7CF47-F1C8-4BDA-BE30-92F17B21D2C7}.Release|x86.ActiveCfg = Release|Win32
		{3BC7CF47-F1C8-4BDA-BE30-92F17B21D2C7}.Release|x86.Build.0 = Release|Win32
		{77A3F26C-A1D6-4535-9E37-7D3DF34E4B4B}.Debug|Any CPU.ActiveCfg = Debug|Win32
		{77A3F26C-A1D6-4535-9E37-7D3DF34E4B4B}.Debug|Win32.ActiveCfg = Debug|Win32
		{77A3F26C-A1D6-4535-9E37-7D3DF34E4B4B}.Debug|Win32.Build.0 = Debug|Win32
		{77A3F26C-A1D6-4535-9E37-7D3DF34E4B4B}.Debug|x64.ActiveCfg = Debug|x64
		{77A3F26C-A1D6-4535-9E37-7D3DF34E4B4B}.Debug|x64.Build.0 = Debug|x64
		{77A3F26C-A1D6-4535-9E37-7D3DF34E4B4B}.Debug|x86.ActiveCfg = Debug|Win32
		{77A3F26C-A1D6-4535-9E37-7D3DF34E4B4B}.Debug|x86.Build.0 = Debug|Win32
		{77A3F26C-A1D6-4535-9E37-7D3DF34E4B4B}.Release|Any CPU.ActiveCfg = Release|Win32
		{77A3F26C-A1D6-4535-9E37-7D3DF34E4B4B}.Release|Win32.ActiveCfg = Release|Win32
		{77A3F26C-A1D6-4535-9E37-7D3DF34E4B4B}.Release|Win32.Build.0 = Release|Win32
		{77A3F26C-A1D6-4535-9E37-7D3DF34E4B4B}.Release|x64.ActiveCfg = Release|x64
		{77A3F26C-A1D6-4535-9E37-7D3DF34E4B4B}.Release|x64.Build.0 = Release|x64
		{77A3F26C-A1D6-4535-9E37-7D3DF34E4B4B}.Release|x86.ActiveCfg = Release|Win32
		{77A3F26C-A1D6-4535-9E37-7D3DF34E4B4B}.Release|x86.Build.0 = Release|Win32
		{82A30B11-2700-4F40-B05B-9BE5DEAD522B}.Debug|Any CPU.ActiveCfg = Debug|Any CPU
		{82A30B11-2700-4F40-B05B-9BE5DEAD522B}.Debug|Any CPU.Build.0 = Debug|Any CPU
		{82A30B11-2700-4F40-B05B-9BE5DEAD522B}.Debug|Win32.ActiveCfg = Debug|Any CPU
		{82A30B11-2700-4F40-B05B-9BE5DEAD522B}.Debug|Win32.Build.0 = Debug|Any CPU
		{82A30B11-2700-4F40-B05B-9BE5DEAD522B}.Debug|x64.ActiveCfg = Debug|Any CPU
		{82A30B11-2700-4F40-B05B-9BE5DEAD522B}.Debug|x64.Build.0 = Debug|Any CPU
		{82A30B11-2700-4F40-B05B-9BE5DEAD522B}.Debug|x86.ActiveCfg = Debug|Any CPU
		{82A30B11-2700-4F40-B05B-9BE5DEAD522B}.Debug|x86.Build.0 = Debug|Any CPU
		{82A30B11-2700-4F40-B05B-9BE5DEAD522B}.Release|Any CPU.ActiveCfg = Release|Any CPU
		{82A30B11-2700-4F40-B05B-9BE5DEAD522B}.Release|Any CPU.Build.0 = Release|Any CPU
		{82A30B11-2700-4F40-B05B-9BE5DEAD522B}.Release|Win32.ActiveCfg = Release|Any CPU
		{82A30B11-2700-4F40-B05B-9BE5DEAD522B}.Release|Win32.Build.0 = Release|Any CPU
		{82A30B11-2700-4F40-B05B-9BE5DEAD522B}.Release|x64.ActiveCfg = Release|Any CPU
		{82A30B11-2700-4F40-B05B-9BE5DEAD522B}.Release|x64.Build.0 = Release|Any CPU
		{82A30B11-2700-4F40-B05B-9BE5DEAD522B}.Release|x86.ActiveCfg = Release|Any CPU
		{82A30B11-2700-4F40-B05B-9BE5DEAD522B}.Release|x86.Build.0 = Release|Any CPU
		{28AAB36D-942E-4476-A000-0E9DE380F390}.Debug|Any CPU.ActiveCfg = Debug|Any CPU
		{28AAB36D-942E-4476-A000-0E9DE380F390}.Debug|Any CPU.Build.0 = Debug|Any CPU
		{28AAB36D-942E-4476-A000-0E9DE380F390}.Debug|Win32.ActiveCfg = Debug|x86
		{28AAB36D-942E-4476-A000-0E9DE380F390}.Debug|Win32.Build.0 = Debug|x86
		{28AAB36D-942E-4476-A000-0E9DE380F390}.Debug|x64.ActiveCfg = Debug|x64
		{28AAB36D-942E-4476-A000-0E9DE380F390}.Debug|x64.Build.0 = Debug|x64
		{28AAB36D-942E-4476-A000-0E9DE380F390}.Debug|x86.ActiveCfg = Debug|x86
		{28AAB36D-942E-4476-A000-0E9DE380F390}.Debug|x86.Build.0 = Debug|x86
		{28AAB36D-942E-4476-A000-0E9DE380F390}.Release|Any CPU.ActiveCfg = Release|Any CPU
		{28AAB36D-942E-4476-A000-0E9DE380F390}.Release|Any CPU.Build.0 = Release|Any CPU
		{28AAB36D-942E-4476-A000-0E9DE380F390}.Release|Win32.ActiveCfg = Release|x86
		{28AAB36D-942E-4476-A000-0E9DE380F390}.Release|Win32.Build.0 = Release|x86
		{28AAB36D-942E-4476-A000-0E9DE380F390}.Release|x64.ActiveCfg = Release|x64
		{28AAB36D-942E-4476-A000-0E9DE380F390}.Release|x64.Build.0 = Release|x64
		{28AAB36D-942E-4476-A000-0E9DE380F390}.Release|x86.ActiveCfg = Release|x86
		{28AAB36D-942E-4476-A000-0E9DE380F390}.Release|x86.Build.0 = Release|x86
		{94144E22-2431-4A8F-AC04-DEC22F7EDD8F}.Debug|Any CPU.ActiveCfg = Debug|Any CPU
		{94144E22-2431-4A8F-AC04-DEC22F7EDD8F}.Debug|Any CPU.Build.0 = Debug|Any CPU
		{94144E22-2431-4A8F-AC04-DEC22F7EDD8F}.Debug|Win32.ActiveCfg = Debug|Any CPU
		{94144E22-2431-4A8F-AC04-DEC22F7EDD8F}.Debug|Win32.Build.0 = Debug|Any CPU
		{94144E22-2431-4A8F-AC04-DEC22F7EDD8F}.Debug|x64.ActiveCfg = Debug|Any CPU
		{94144E22-2431-4A8F-AC04-DEC22F7EDD8F}.Debug|x64.Build.0 = Debug|Any CPU
		{94144E22-2431-4A8F-AC04-DEC22F7EDD8F}.Debug|x86.ActiveCfg = Debug|Any CPU
		{94144E22-2431-4A8F-AC04-DEC22F7EDD8F}.Debug|x86.Build.0 = Debug|Any CPU
		{94144E22-2431-4A8F-AC04-DEC22F7EDD8F}.Release|Any CPU.ActiveCfg = Release|Any CPU
		{94144E22-2431-4A8F-AC04-DEC22F7EDD8F}.Release|Any CPU.Build.0 = Release|Any CPU
		{94144E22-2431-4A8F-AC04-DEC22F7EDD8F}.Release|Win32.ActiveCfg = Release|Any CPU
		{94144E22-2431-4A8F-AC04-DEC22F7EDD8F}.Release|Win32.Build.0 = Release|Any CPU
		{94144E22-2431-4A8F-AC04-DEC22F7EDD8F}.Release|x64.ActiveCfg = Release|Any CPU
		{94144E22-2431-4A8F-AC04-DEC22F7EDD8F}.Release|x64.Build.0 = Release|Any CPU
		{94144E22-2431-4A8F-AC04-DEC22F7EDD8F}.Release|x86.ActiveCfg = Release|Any CPU
		{94144E22-2431-4A8F-AC04-DEC22F7EDD8F}.Release|x86.Build.0 = Release|Any CPU
		{2ABC5D88-2F6C-4721-A0A7-CA15970AC999}.Debug|Any CPU.ActiveCfg = Debug|Any CPU
		{2ABC5D88-2F6C-4721-A0A7-CA15970AC999}.Debug|Any CPU.Build.0 = Debug|Any CPU
		{2ABC5D88-2F6C-4721-A0A7-CA15970AC999}.Debug|Win32.ActiveCfg = Debug|Any CPU
		{2ABC5D88-2F6C-4721-A0A7-CA15970AC999}.Debug|Win32.Build.0 = Debug|Any CPU
		{2ABC5D88-2F6C-4721-A0A7-CA15970AC999}.Debug|x64.ActiveCfg = Debug|Any CPU
		{2ABC5D88-2F6C-4721-A0A7-CA15970AC999}.Debug|x64.Build.0 = Debug|Any CPU
		{2ABC5D88-2F6C-4721-A0A7-CA15970AC999}.Debug|x86.ActiveCfg = Debug|Any CPU
		{2ABC5D88-2F6C-4721-A0A7-CA15970AC999}.Debug|x86.Build.0 = Debug|Any CPU
		{2ABC5D88-2F6C-4721-A0A7-CA15970AC999}.Release|Any CPU.ActiveCfg = Release|Any CPU
		{2ABC5D88-2F6C-4721-A0A7-CA15970AC999}.Release|Any CPU.Build.0 = Release|Any CPU
		{2ABC5D88-2F6C-4721-A0A7-CA15970AC999}.Release|Win32.ActiveCfg = Release|Any CPU
		{2ABC5D88-2F6C-4721-A0A7-CA15970AC999}.Release|Win32.Build.0 = Release|Any CPU
		{2ABC5D88-2F6C-4721-A0A7-CA15970AC999}.Release|x64.ActiveCfg = Release|Any CPU
		{2ABC5D88-2F6C-4721-A0A7-CA15970AC999}.Release|x64.Build.0 = Release|Any CPU
		{2ABC5D88-2F6C-4721-A0A7-CA15970AC999}.Release|x86.ActiveCfg = Release|Any CPU
		{2ABC5D88-2F6C-4721-A0A7-CA15970AC999}.Release|x86.Build.0 = Release|Any CPU
		{475CAD1B-F03C-4385-8079-EBE85696C13A}.Debug|Any CPU.ActiveCfg = Debug|Any CPU
		{475CAD1B-F03C-4385-8079-EBE85696C13A}.Debug|Any CPU.Build.0 = Debug|Any CPU
		{475CAD1B-F03C-4385-8079-EBE85696C13A}.Debug|Win32.ActiveCfg = Debug|Any CPU
		{475CAD1B-F03C-4385-8079-EBE85696C13A}.Debug|Win32.Build.0 = Debug|Any CPU
		{475CAD1B-F03C-4385-8079-EBE85696C13A}.Debug|x64.ActiveCfg = Debug|Any CPU
		{475CAD1B-F03C-4385-8079-EBE85696C13A}.Debug|x64.Build.0 = Debug|Any CPU
		{475CAD1B-F03C-4385-8079-EBE85696C13A}.Debug|x86.ActiveCfg = Debug|Any CPU
		{475CAD1B-F03C-4385-8079-EBE85696C13A}.Debug|x86.Build.0 = Debug|Any CPU
		{475CAD1B-F03C-4385-8079-EBE85696C13A}.Release|Any CPU.ActiveCfg = Release|Any CPU
		{475CAD1B-F03C-4385-8079-EBE85696C13A}.Release|Any CPU.Build.0 = Release|Any CPU
		{475CAD1B-F03C-4385-8079-EBE85696C13A}.Release|Win32.ActiveCfg = Release|Any CPU
		{475CAD1B-F03C-4385-8079-EBE85696C13A}.Release|Win32.Build.0 = Release|Any CPU
		{475CAD1B-F03C-4385-8079-EBE85696C13A}.Release|x64.ActiveCfg = Release|Any CPU
		{475CAD1B-F03C-4385-8079-EBE85696C13A}.Release|x64.Build.0 = Release|Any CPU
		{475CAD1B-F03C-4385-8079-EBE85696C13A}.Release|x86.ActiveCfg = Release|Any CPU
		{475CAD1B-F03C-4385-8079-EBE85696C13A}.Release|x86.Build.0 = Release|Any CPU
		{41AE973E-81EF-43D5-A41D-E3DB871480F2}.Debug|Any CPU.ActiveCfg = Debug|Any CPU
		{41AE973E-81EF-43D5-A41D-E3DB871480F2}.Debug|Any CPU.Build.0 = Debug|Any CPU
		{41AE973E-81EF-43D5-A41D-E3DB871480F2}.Debug|Win32.ActiveCfg = Debug|Any CPU
		{41AE973E-81EF-43D5-A41D-E3DB871480F2}.Debug|Win32.Build.0 = Debug|Any CPU
		{41AE973E-81EF-43D5-A41D-E3DB871480F2}.Debug|x64.ActiveCfg = Debug|Any CPU
		{41AE973E-81EF-43D5-A41D-E3DB871480F2}.Debug|x64.Build.0 = Debug|Any CPU
		{41AE973E-81EF-43D5-A41D-E3DB871480F2}.Debug|x86.ActiveCfg = Debug|Any CPU
		{41AE973E-81EF-43D5-A41D-E3DB871480F2}.Debug|x86.Build.0 = Debug|Any CPU
		{41AE973E-81EF-43D5-A41D-E3DB871480F2}.Release|Any CPU.ActiveCfg = Release|Any CPU
		{41AE973E-81EF-43D5-A41D-E3DB871480F2}.Release|Any CPU.Build.0 = Release|Any CPU
		{41AE973E-81EF-43D5-A41D-E3DB871480F2}.Release|Win32.ActiveCfg = Release|Any CPU
		{41AE973E-81EF-43D5-A41D-E3DB871480F2}.Release|Win32.Build.0 = Release|Any CPU
		{41AE973E-81EF-43D5-A41D-E3DB871480F2}.Release|x64.ActiveCfg = Release|Any CPU
		{41AE973E-81EF-43D5-A41D-E3DB871480F2}.Release|x64.Build.0 = Release|Any CPU
		{41AE973E-81EF-43D5-A41D-E3DB871480F2}.Release|x86.ActiveCfg = Release|Any CPU
		{41AE973E-81EF-43D5-A41D-E3DB871480F2}.Release|x86.Build.0 = Release|Any CPU
	EndGlobalSection
	GlobalSection(SolutionProperties) = preSolution
		HideSolutionNode = FALSE
	EndGlobalSection
	GlobalSection(NestedProjects) = preSolution
		{679DD557-5E1E-447E-B48C-0F082E5FB1F4} = {2126D6E5-1D6F-4B5C-AE38-83CD794F6AE7}
		{0B7155EF-1EB0-4FAE-BA56-8064CBAF2BEA} = {A3BD399C-483C-4961-B338-1275B9603F4C}
		{470A9164-29CA-4C02-8DA5-13C9A766A4FE} = {BF308906-0C4D-496F-A030-FA6D3CF89563}
		{6A8518C3-D81A-4428-BD7F-C37933088AC1} = {BF308906-0C4D-496F-A030-FA6D3CF89563}
		{3BC7CF47-F1C8-4BDA-BE30-92F17B21D2C7} = {BF308906-0C4D-496F-A030-FA6D3CF89563}
		{77A3F26C-A1D6-4535-9E37-7D3DF34E4B4B} = {BF308906-0C4D-496F-A030-FA6D3CF89563}
		{82A30B11-2700-4F40-B05B-9BE5DEAD522B} = {55DA028C-3222-448E-A01C-BBB5A42F586D}
		{28AAB36D-942E-4476-A000-0E9DE380F390} = {BF308906-0C4D-496F-A030-FA6D3CF89563}
		{94144E22-2431-4A8F-AC04-DEC22F7EDD8F} = {BF308906-0C4D-496F-A030-FA6D3CF89563}
		{2ABC5D88-2F6C-4721-A0A7-CA15970AC999} = {BF308906-0C4D-496F-A030-FA6D3CF89563}
		{475CAD1B-F03C-4385-8079-EBE85696C13A} = {BF308906-0C4D-496F-A030-FA6D3CF89563}
		{41AE973E-81EF-43D5-A41D-E3DB871480F2} = {BF308906-0C4D-496F-A030-FA6D3CF89563}
	EndGlobalSection
	GlobalSection(ExtensibilityGlobals) = postSolution
		SolutionGuid = {3544F28D-545F-4E21-B8A8-A86A825F53B5}
	EndGlobalSection
	GlobalSection(MonoDevelopProperties) = preSolution
		StartupItem = spine-csharp.csproj
	EndGlobalSection
EndGlobal
