
Microsoft Visual Studio Solution File, Format Version 12.00
# Visual Studio Version 16
VisualStudioVersion = 16.0.30002.166
MinimumVisualStudioVersion = 10.0.40219.1
Project("{FAE04EC0-301F-11D3-BF4B-00C04F79EFBC}") = "MapleLib", "MapleLib\MapleLib.csproj", "{28AAB36D-942E-4476-A000-0E9DE380F390}"
EndProject
Project("{FAE04EC0-301F-11D3-BF4B-00C04F79EFBC}") = "HaCreator", "HaCreator\HaCreator.csproj", "{679DD557-5E1E-447E-B48C-0F082E5FB1F4}"
EndProject
Project("{FAE04EC0-301F-11D3-BF4B-00C04F79EFBC}") = "Harepacker-resurrected", "HaRepacker\Harepacker-resurrected.csproj", "{0B7155EF-1EB0-4FAE-BA56-8064CBAF2BEA}"
EndProject
Project("{FAE04EC0-301F-11D3-BF4B-00C04F79EFBC}") = "spine-csharp 2.1.25", "spine-runtimes-2.1.25\spine-csharp\spine-csharp 2.1.25.csproj", "{94144E22-2431-4A8F-AC04-DEC22F7EDD8F}"
EndProject
Project("{2150E333-8FDC-42A3-9474-1A3956D46DE8}") = "HaCreator", "HaCreator", "{2126D6E5-1D6F-4B5C-AE38-83CD794F6AE7}"
EndProject
Project("{2150E333-8FDC-42A3-9474-1A3956D46DE8}") = "HaRepacker", "HaRepacker", "{A3BD399C-483C-4961-B338-1275B9603F4C}"
EndProject
Project("{2150E333-8FDC-42A3-9474-1A3956D46DE8}") = "Libraries", "Libraries", "{BF308906-0C4D-496F-A030-FA6D3CF89563}"
EndProject
Project("{8BC9CEB8-8B4A-11D0-8D11-00A0C91BC942}") = "apng", "libapng\apng.vcxproj", "{470A9164-29CA-4C02-8DA5-13C9A766A4FE}"
EndProject
Project("{FAE04EC0-301F-11D3-BF4B-00C04F79EFBC}") = "HaSharedLibrary", "HaSharedLibrary\HaSharedLibrary.csproj", "{5411388B-F3CB-4D52-9F55-ABD15CFE966C}"
EndProject
Global
	GlobalSection(SolutionConfigurationPlatforms) = preSolution
		Debug|Any CPU = Debug|Any CPU
		Debug|x64 = Debug|x64
		Debug|x86 = Debug|x86
		Release|Any CPU = Release|Any CPU
		Release|x64 = Release|x64
		Release|x86 = Release|x86
	EndGlobalSection
	GlobalSection(ProjectConfigurationPlatforms) = postSolution
		{28AAB36D-942E-4476-A000-0E9DE380F390}.Debug|Any CPU.ActiveCfg = Debug|Any CPU
		{28AAB36D-942E-4476-A000-0E9DE380F390}.Debug|Any CPU.Build.0 = Debug|Any CPU
		{28AAB36D-942E-4476-A000-0E9DE380F390}.Debug|x64.ActiveCfg = Debug|x64
		{28AAB36D-942E-4476-A000-0E9DE380F390}.Debug|x64.Build.0 = Debug|x64
		{28AAB36D-942E-4476-A000-0E9DE380F390}.Debug|x86.ActiveCfg = Debug|x86
		{28AAB36D-942E-4476-A000-0E9DE380F390}.Debug|x86.Build.0 = Debug|x86
		{28AAB36D-942E-4476-A000-0E9DE380F390}.Release|Any CPU.ActiveCfg = Release|Any CPU
		{28AAB36D-942E-4476-A000-0E9DE380F390}.Release|Any CPU.Build.0 = Release|Any CPU
		{28AAB36D-942E-4476-A000-0E9DE380F390}.Release|x64.ActiveCfg = Release|x64
		{28AAB36D-942E-4476-A000-0E9DE380F390}.Release|x64.Build.0 = Release|x64
		{28AAB36D-942E-4476-A000-0E9DE380F390}.Release|x86.ActiveCfg = Release|x86
		{28AAB36D-942E-4476-A000-0E9DE380F390}.Release|x86.Build.0 = Release|x86
		{679DD557-5E1E-447E-B48C-0F082E5FB1F4}.Debug|Any CPU.ActiveCfg = Debug|Any CPU
		{679DD557-5E1E-447E-B48C-0F082E5FB1F4}.Debug|Any CPU.Build.0 = Debug|Any CPU
		{679DD557-5E1E-447E-B48C-0F082E5FB1F4}.Debug|x64.ActiveCfg = Debug|x64
		{679DD557-5E1E-447E-B48C-0F082E5FB1F4}.Debug|x64.Build.0 = Debug|x64
		{679DD557-5E1E-447E-B48C-0F082E5FB1F4}.Debug|x86.ActiveCfg = Debug|x86
		{679DD557-5E1E-447E-B48C-0F082E5FB1F4}.Debug|x86.Build.0 = Debug|x86
		{679DD557-5E1E-447E-B48C-0F082E5FB1F4}.Release|Any CPU.ActiveCfg = Release|Any CPU
		{679DD557-5E1E-447E-B48C-0F082E5FB1F4}.Release|Any CPU.Build.0 = Release|Any CPU
		{679DD557-5E1E-447E-B48C-0F082E5FB1F4}.Release|x64.ActiveCfg = Release|x64
		{679DD557-5E1E-447E-B48C-0F082E5FB1F4}.Release|x64.Build.0 = Release|x64
		{679DD557-5E1E-447E-B48C-0F082E5FB1F4}.Release|x86.ActiveCfg = Release|x86
		{679DD557-5E1E-447E-B48C-0F082E5FB1F4}.Release|x86.Build.0 = Release|x86
		{0B7155EF-1EB0-4FAE-BA56-8064CBAF2BEA}.Debug|Any CPU.ActiveCfg = Debug|Any CPU
		{0B7155EF-1EB0-4FAE-BA56-8064CBAF2BEA}.Debug|Any CPU.Build.0 = Debug|Any CPU
		{0B7155EF-1EB0-4FAE-BA56-8064CBAF2BEA}.Debug|x64.ActiveCfg = Debug|x64
		{0B7155EF-1EB0-4FAE-BA56-8064CBAF2BEA}.Debug|x64.Build.0 = Debug|x64
		{0B7155EF-1EB0-4FAE-BA56-8064CBAF2BEA}.Debug|x86.ActiveCfg = Debug|x86
		{0B7155EF-1EB0-4FAE-BA56-8064CBAF2BEA}.Debug|x86.Build.0 = Debug|x86
		{0B7155EF-1EB0-4FAE-BA56-8064CBAF2BEA}.Release|Any CPU.ActiveCfg = Release|Any CPU
		{0B7155EF-1EB0-4FAE-BA56-8064CBAF2BEA}.Release|Any CPU.Build.0 = Release|Any CPU
		{0B7155EF-1EB0-4FAE-BA56-8064CBAF2BEA}.Release|x64.ActiveCfg = Release|x64
		{0B7155EF-1EB0-4FAE-BA56-8064CBAF2BEA}.Release|x64.Build.0 = Release|x64
		{0B7155EF-1EB0-4FAE-BA56-8064CBAF2BEA}.Release|x86.ActiveCfg = Release|x86
		{0B7155EF-1EB0-4FAE-BA56-8064CBAF2BEA}.Release|x86.Build.0 = Release|x86
		{94144E22-2431-4A8F-AC04-DEC22F7EDD8F}.Debug|Any CPU.ActiveCfg = Debug|Any CPU
		{94144E22-2431-4A8F-AC04-DEC22F7EDD8F}.Debug|Any CPU.Build.0 = Debug|Any CPU
		{94144E22-2431-4A8F-AC04-DEC22F7EDD8F}.Debug|x64.ActiveCfg = Debug|Any CPU
		{94144E22-2431-4A8F-AC04-DEC22F7EDD8F}.Debug|x64.Build.0 = Debug|Any CPU
		{94144E22-2431-4A8F-AC04-DEC22F7EDD8F}.Debug|x86.ActiveCfg = Debug|Any CPU
		{94144E22-2431-4A8F-AC04-DEC22F7EDD8F}.Debug|x86.Build.0 = Debug|Any CPU
		{94144E22-2431-4A8F-AC04-DEC22F7EDD8F}.Release|Any CPU.ActiveCfg = Release|Any CPU
		{94144E22-2431-4A8F-AC04-DEC22F7EDD8F}.Release|Any CPU.Build.0 = Release|Any CPU
		{94144E22-2431-4A8F-AC04-DEC22F7EDD8F}.Release|x64.ActiveCfg = Release|Any CPU
		{94144E22-2431-4A8F-AC04-DEC22F7EDD8F}.Release|x64.Build.0 = Release|Any CPU
		{94144E22-2431-4A8F-AC04-DEC22F7EDD8F}.Release|x86.ActiveCfg = Release|Any CPU
		{94144E22-2431-4A8F-AC04-DEC22F7EDD8F}.Release|x86.Build.0 = Release|Any CPU
		{470A9164-29CA-4C02-8DA5-13C9A766A4FE}.Debug|Any CPU.ActiveCfg = Debug|Win32
		{470A9164-29CA-4C02-8DA5-13C9A766A4FE}.Debug|x64.ActiveCfg = Debug|x64
		{470A9164-29CA-4C02-8DA5-13C9A766A4FE}.Debug|x64.Build.0 = Debug|x64
		{470A9164-29CA-4C02-8DA5-13C9A766A4FE}.Debug|x86.ActiveCfg = Debug|Win32
		{470A9164-29CA-4C02-8DA5-13C9A766A4FE}.Debug|x86.Build.0 = Debug|Win32
		{470A9164-29CA-4C02-8DA5-13C9A766A4FE}.Release|Any CPU.ActiveCfg = Release|Win32
		{470A9164-29CA-4C02-8DA5-13C9A766A4FE}.Release|x64.ActiveCfg = Release|x64
		{470A9164-29CA-4C02-8DA5-13C9A766A4FE}.Release|x64.Build.0 = Release|x64
		{470A9164-29CA-4C02-8DA5-13C9A766A4FE}.Release|x86.ActiveCfg = Release|Win32
		{470A9164-29CA-4C02-8DA5-13C9A766A4FE}.Release|x86.Build.0 = Release|Win32
		{5411388B-F3CB-4D52-9F55-ABD15CFE966C}.Debug|Any CPU.ActiveCfg = Debug|Any CPU
		{5411388B-F3CB-4D52-9F55-ABD15CFE966C}.Debug|Any CPU.Build.0 = Debug|Any CPU
		{5411388B-F3CB-4D52-9F55-ABD15CFE966C}.Debug|x64.ActiveCfg = Debug|Any CPU
		{5411388B-F3CB-4D52-9F55-ABD15CFE966C}.Debug|x64.Build.0 = Debug|Any CPU
		{5411388B-F3CB-4D52-9F55-ABD15CFE966C}.Debug|x86.ActiveCfg = Debug|Any CPU
		{5411388B-F3CB-4D52-9F55-ABD15CFE966C}.Debug|x86.Build.0 = Debug|Any CPU
		{5411388B-F3CB-4D52-9F55-ABD15CFE966C}.Release|Any CPU.ActiveCfg = Release|Any CPU
		{5411388B-F3CB-4D52-9F55-ABD15CFE966C}.Release|Any CPU.Build.0 = Release|Any CPU
		{5411388B-F3CB-4D52-9F55-ABD15CFE966C}.Release|x64.ActiveCfg = Release|Any CPU
		{5411388B-F3CB-4D52-9F55-ABD15CFE966C}.Release|x64.Build.0 = Release|Any CPU
		{5411388B-F3CB-4D52-9F55-ABD15CFE966C}.Release|x86.ActiveCfg = Release|Any CPU
		{5411388B-F3CB-4D52-9F55-ABD15CFE966C}.Release|x86.Build.0 = Release|Any CPU
	EndGlobalSection
	GlobalSection(SolutionProperties) = preSolution
		HideSolutionNode = FALSE
	EndGlobalSection
	GlobalSection(NestedProjects) = preSolution
		{28AAB36D-942E-4476-A000-0E9DE380F390} = {BF308906-0C4D-496F-A030-FA6D3CF89563}
		{679DD557-5E1E-447E-B48C-0F082E5FB1F4} = {2126D6E5-1D6F-4B5C-AE38-83CD794F6AE7}
		{0B7155EF-1EB0-4FAE-BA56-8064CBAF2BEA} = {A3BD399C-483C-4961-B338-1275B9603F4C}
		{94144E22-2431-4A8F-AC04-DEC22F7EDD8F} = {BF308906-0C4D-496F-A030-FA6D3CF89563}
		{470A9164-29CA-4C02-8DA5-13C9A766A4FE} = {BF308906-0C4D-496F-A030-FA6D3CF89563}
		{5411388B-F3CB-4D52-9F55-ABD15CFE966C} = {BF308906-0C4D-496F-A030-FA6D3CF89563}
	EndGlobalSection
	GlobalSection(ExtensibilityGlobals) = postSolution
		SolutionGuid = {99E8C0B0-C5DA-4990-8805-EA45A1BCF299}
	EndGlobalSection
	GlobalSection(MonoDevelopProperties) = preSolution
		StartupItem = spine-csharp.csproj
	EndGlobalSection
EndGlobal
